
Microsoft Visual Studio Solution File, Format Version 12.00
# Visual Studio 15
VisualStudioVersion = 15.0.27004.2006
MinimumVisualStudioVersion = 10.0.40219.1
Project("{8BC9CEB8-8B4A-11D0-8D11-00A0C91BC942}") = "vsphub", "vsphub\vsphub.vcxproj", "{DA7A2263-D5F1-4DE1-BD34-CAE8097EC895}"
EndProject
Global
	GlobalSection(SolutionConfigurationPlatforms) = preSolution
		Debug|ARM = Debug|ARM
		Debug|x64 = Debug|x64
		Debug|x86 = Debug|x86
		Release|ARM = Release|ARM
		Release|x64 = Release|x64
		Release|x86 = Release|x86
	EndGlobalSection
	GlobalSection(ProjectConfigurationPlatforms) = postSolution
		{DA7A2263-D5F1-4DE1-BD34-CAE8097EC895}.Debug|ARM.ActiveCfg = Debug|ARM
		{DA7A2263-D5F1-4DE1-BD34-CAE8097EC895}.Debug|ARM.Build.0 = Debug|ARM
		{DA7A2263-D5F1-4DE1-BD34-CAE8097EC895}.Debug|x64.ActiveCfg = Debug|x64
		{DA7A2263-D5F1-4DE1-BD34-CAE8097EC895}.Debug|x64.Build.0 = Debug|x64
		{DA7A2263-D5F1-4DE1-BD34-CAE8097EC895}.Debug|x86.ActiveCfg = Debug|x86
		{DA7A2263-D5F1-4DE1-BD34-CAE8097EC895}.Debug|x86.Build.0 = Debug|x86
		{DA7A2263-D5F1-4DE1-BD34-CAE8097EC895}.Release|ARM.ActiveCfg = Release|ARM
		{DA7A2263-D5F1-4DE1-BD34-CAE8097EC895}.Release|ARM.Build.0 = Release|ARM
		{DA7A2263-D5F1-4DE1-BD34-CAE8097EC895}.Release|x64.ActiveCfg = Release|x64
		{DA7A2263-D5F1-4DE1-BD34-CAE8097EC895}.Release|x64.Build.0 = Release|x64
		{DA7A2263-D5F1-4DE1-BD34-CAE8097EC895}.Release|x86.ActiveCfg = Release|x86
		{DA7A2263-D5F1-4DE1-BD34-CAE8097EC895}.Release|x86.Build.0 = Release|x86
	EndGlobalSection
	GlobalSection(SolutionProperties) = preSolution
		HideSolutionNode = FALSE
	EndGlobalSection
	GlobalSection(ExtensibilityGlobals) = postSolution
		SolutionGuid = {EADCC998-A987-45A6-A50C-3E4B0830E464}
	EndGlobalSection
EndGlobal
